PODS:
  - file_selector_macos (0.0.1):
    - FlutterMacOS
  - flutter_local_notifications (0.0.1):
    - FlutterMacOS
  - flutter_secure_storage_darwin (10.0.0):
    - Flutter
    - FlutterMacOS
  - FlutterMacOS (1.0.0)
  - iOSMcuManagerLibrary (1.12):
    - SwiftCBOR (= 0.5.0)
    - ZIPFoundation (= 0.9.19)
  - mcumgr_flutter (0.9.0):
    - Flutter
    - FlutterMacOS
    - iOSMcuManagerLibrary (= 1.12)
    - SwiftProtobuf
  - nordic_dfu (7.1.1):
    - Flutter
    - FlutterMacOS
    - NordicDFU (~> 4.16.0)
  - NordicDFU (4.16.0):
    - ZIPFoundation (= 0.9.19)
  - package_info_plus (0.0.1):
    - FlutterMacOS
  - record_macos (2.0.0):
    - FlutterMacOS
  - rinf (0.1.0):
    - FlutterMacOS
  - share_plus (0.0.1):
    - FlutterMacOS
  - shared_preferences_foundation (0.0.1):
    - Flutter
    - FlutterMacOS
  - SwiftCBOR (0.5.0)
  - SwiftProtobuf (1.38.1)
  - universal_ble (0.0.1):
    - Flutter
    - FlutterMacOS
  - url_launcher_macos (0.0.1):
    - FlutterMacOS
  - ZIPFoundation (0.9.19)

DEPENDENCIES:
  - file_selector_macos (from `Flutter/ephemeral/.symlinks/plugins/file_selector_macos/macos`)
  - flutter_local_notifications (from `Flutter/ephemeral/.symlinks/plugins/flutter_local_notifications/macos`)
  - flutter_secure_storage_darwin (from `Flutter/ephemeral/.symlinks/plugins/flutter_secure_storage_darwin/darwin`)
  - FlutterMacOS (from `Flutter/ephemeral`)
  - mcumgr_flutter (from `Flutter/ephemeral/.symlinks/plugins/mcumgr_flutter/darwin`)
  - nordic_dfu (from `Flutter/ephemeral/.symlinks/plugins/nordic_dfu/darwin`)
  - package_info_plus (from `Flutter/ephemeral/.symlinks/plugins/package_info_plus/macos`)
  - record_macos (from `Flutter/ephemeral/.symlinks/plugins/record_macos/macos`)
  - rinf (from `Flutter/ephemeral/.symlinks/plugins/rinf/macos`)
  - share_plus (from `Flutter/ephemeral/.symlinks/plugins/share_plus/macos`)
  - shared_preferences_foundation (from `Flutter/ephemeral/.symlinks/plugins/shared_preferences_foundation/darwin`)
  - universal_ble (from `Flutter/ephemeral/.symlinks/plugins/universal_ble/darwin`)
  - url_launcher_macos (from `Flutter/ephemeral/.symlinks/plugins/url_launcher_macos/macos`)

SPEC REPOS:
  trunk:
    - iOSMcuManagerLibrary
    - NordicDFU
    - SwiftCBOR
    - SwiftProtobuf
    - ZIPFoundation

EXTERNAL SOURCES:
  file_selector_macos:
    :path: Flutter/ephemeral/.symlinks/plugins/file_selector_macos/macos
  flutter_local_notifications:
    :path: Flutter/ephemeral/.symlinks/plugins/flutter_local_notifications/macos
  flutter_secure_storage_darwin:
    :path: Flutter/ephemeral/.symlinks/plugins/flutter_secure_storage_darwin/darwin
  FlutterMacOS:
    :path: Flutter/ephemeral
  mcumgr_flutter:
    :path: Flutter/ephemeral/.symlinks/plugins/mcumgr_flutter/darwin
  nordic_dfu:
    :path: Flutter/ephemeral/.symlinks/plugins/nordic_dfu/darwin
  package_info_plus:
    :path: Flutter/ephemeral/.symlinks/plugins/package_info_plus/macos
  record_macos:
    :path: Flutter/ephemeral/.symlinks/plugins/record_macos/macos
  rinf:
    :path: Flutter/ephemeral/.symlinks/plugins/rinf/macos
  share_plus:
    :path: Flutter/ephemeral/.symlinks/plugins/share_plus/macos
  shared_preferences_foundation:
    :path: Flutter/ephemeral/.symlinks/plugins/shared_preferences_foundation/darwin
  universal_ble:
    :path: Flutter/ephemeral/.symlinks/plugins/universal_ble/darwin
  url_launcher_macos:
    :path: Flutter/ephemeral/.symlinks/plugins/url_launcher_macos/macos

SPEC CHECKSUMS:
  file_selector_macos: 9e9e068e90ebee155097d00e89ae91edb2374db7
  flutter_local_notifications: 1fc7ffb10a83d6a2eeeeddb152d43f1944b0aad0
  flutter_secure_storage_darwin: 46e401699982ee74142909676535e0f6a7321e58
  FlutterMacOS: d0db08ddef1a9af05a5ec4b724367152bb0500b1
  iOSMcuManagerLibrary: f72db849f6dd66b1f26cd7eea776050a22c8591c
  mcumgr_flutter: b9864b2ae8334b6ba2b33f9ab4fc0a67bbe75c7a
  nordic_dfu: 05681503e4969f1dfe11903be2bf8840bf5691c9
  NordicDFU: 116a4ec458945889f8e0e71759e03b23c39c3482
  package_info_plus: f0052d280d17aa382b932f399edf32507174e870
  record_macos: 2e43c16b84ce188b8137754ee648322a2dcdf7fa
  rinf: 262f44da111bc09a28138d438caf7b9a29e9b411
  share_plus: 510bf0af1a42cd602274b4629920c9649c52f4cc
  shared_preferences_foundation: 7036424c3d8ec98dfe75ff1667cb0cd531ec82bb
  SwiftCBOR: aa87349b4ccddd19f861aa544f7c27d43dee5772
  SwiftProtobuf: 409d3aaec90e51b1705b1dd8065b56893450e77c
  universal_ble: a322ebabee64f0ec27a313e89a5dd6967f37a60f
  url_launcher_macos: f87a979182d112f911de6820aefddaf56ee9fbfd
  ZIPFoundation: b8c29ea7ae353b309bc810586181fd073cb3312c

PODFILE CHECKSUM: 57af9420677621c8198652a7f517cee8d7e6a5bc

COCOAPODS: 1.17.0
