PODS:
  - FlutterMacOS (1.0.0)
  - rinf (0.1.0):
    - FlutterMacOS

DEPENDENCIES:
  - FlutterMacOS (from `Flutter/ephemeral`)
  - rinf (from `Flutter/ephemeral/.symlinks/plugins/rinf/macos`)

EXTERNAL SOURCES:
  FlutterMacOS:
    :path: Flutter/ephemeral
  rinf:
    :path: Flutter/ephemeral/.symlinks/plugins/rinf/macos

SPEC CHECKSUMS:
  FlutterMacOS: d0db08ddef1a9af05a5ec4b724367152bb0500b1
  rinf: 262f44da111bc09a28138d438caf7b9a29e9b411

PODFILE CHECKSUM: 4a90b784deb51df48dfd00651d07e930d861400c

COCOAPODS: 1.17.0
