# This file is automatically @generated by Cargo.
# It is not intended for manual editing.
version = 4

[[package]]
name = "omi-rust"
version = "0.1.0"
dependencies = [
 "zephyr",
]

[[package]]
name = "zephyr"
version = "0.1.0"
source = "registry+https://github.com/rust-lang/crates.io-index"
checksum = "57cced75ff93e4279efe6ff1f5af7add8fa4ed4cfe4e7a3b54de7cc0f218d892"
