PODS:
  - file_selector_ios (0.0.1):
    - Flutter
  - Firebase/Auth (12.15.0):
    - Firebase/CoreOnly
    - FirebaseAuth (~> 12.15.0)
  - Firebase/CoreOnly (12.15.0):
    - FirebaseCore (~> 12.15.0)
  - firebase_auth (6.5.6):
    - Firebase/Auth (= 12.15.0)
    - firebase_core
    - Flutter
  - firebase_core (4.12.1):
    - Firebase/CoreOnly (= 12.15.0)
    - Flutter
  - FirebaseAppCheckInterop (12.15.0)
  - FirebaseAuth (12.15.0):
    - FirebaseAppCheckInterop (~> 12.15.0)
    - FirebaseAuthInterop (~> 12.15.0)
    - FirebaseCore (~> 12.15.0)
    - FirebaseCoreExtension (~> 12.15.0)
    - GoogleUtilities/AppDelegateSwizzler (~> 8.1)
    - GoogleUtilities/Environment (~> 8.1)
    - GTMSessionFetcher/Core (< 6.0, >= 3.4)
    - RecaptchaInterop (~> 101.0)
  - FirebaseAuthInterop (12.15.0)
  - FirebaseCore (12.15.0):
    - FirebaseCoreInternal (~> 12.15.0)
    - GoogleUtilities/Environment (~> 8.1)
    - GoogleUtilities/Logger (~> 8.1)
  - FirebaseCoreExtension (12.15.0):
    - FirebaseCore (~> 12.15.0)
  - FirebaseCoreInternal (12.15.0):
    - "GoogleUtilities/NSData+zlib (~> 8.1)"
  - Flutter (1.0.0)
  - flutter_local_notifications (0.0.1):
    - Flutter
  - flutter_secure_storage_darwin (10.0.0):
    - Flutter
    - FlutterMacOS
  - GoogleUtilities/AppDelegateSwizzler (8.1.2):
    - GoogleUtilities/Environment
    - GoogleUtilities/Logger
    - GoogleUtilities/Network
    - GoogleUtilities/Privacy
  - GoogleUtilities/Environment (8.1.2):
    - GoogleUtilities/Privacy
  - GoogleUtilities/Logger (8.1.2):
    - GoogleUtilities/Environment
    - GoogleUtilities/Privacy
  - GoogleUtilities/Network (8.1.2):
    - GoogleUtilities/Logger
    - "GoogleUtilities/NSData+zlib"
    - GoogleUtilities/Privacy
    - GoogleUtilities/Reachability
  - "GoogleUtilities/NSData+zlib (8.1.2)":
    - GoogleUtilities/Privacy
  - GoogleUtilities/Privacy (8.1.2)
  - GoogleUtilities/Reachability (8.1.2):
    - GoogleUtilities/Logger
    - GoogleUtilities/Privacy
  - GTMSessionFetcher/Core (5.3.0)
  - iOSMcuManagerLibrary (1.12):
    - SwiftCBOR (= 0.5.0)
    - ZIPFoundation (= 0.9.19)
  - mcumgr_flutter (0.9.0):
    - Flutter
    - FlutterMacOS
    - iOSMcuManagerLibrary (= 1.12)
    - SwiftProtobuf
  - nordic_dfu (7.1.1):
    - Flutter
    - FlutterMacOS
    - NordicDFU (~> 4.16.0)
  - NordicDFU (4.16.0):
    - ZIPFoundation (= 0.9.19)
  - package_info_plus (0.4.5):
    - Flutter
  - RecaptchaInterop (101.0.0)
  - record_ios (2.0.0):
    - Flutter
  - rinf (0.1.0):
    - Flutter
  - share_plus (0.0.1):
    - Flutter
  - shared_preferences_foundation (0.0.1):
    - Flutter
    - FlutterMacOS
  - SwiftCBOR (0.5.0)
  - SwiftProtobuf (1.38.1)
  - universal_ble (0.0.1):
    - Flutter
    - FlutterMacOS
  - url_launcher_ios (0.0.1):
    - Flutter
  - ZIPFoundation (0.9.19)

DEPENDENCIES:
  - file_selector_ios (from `.symlinks/plugins/file_selector_ios/ios`)
  - firebase_auth (from `.symlinks/plugins/firebase_auth/ios`)
  - firebase_core (from `.symlinks/plugins/firebase_core/ios`)
  - Flutter (from `Flutter`)
  - flutter_local_notifications (from `.symlinks/plugins/flutter_local_notifications/ios`)
  - flutter_secure_storage_darwin (from `.symlinks/plugins/flutter_secure_storage_darwin/darwin`)
  - mcumgr_flutter (from `.symlinks/plugins/mcumgr_flutter/darwin`)
  - nordic_dfu (from `.symlinks/plugins/nordic_dfu/darwin`)
  - package_info_plus (from `.symlinks/plugins/package_info_plus/ios`)
  - record_ios (from `.symlinks/plugins/record_ios/ios`)
  - rinf (from `.symlinks/plugins/rinf/ios`)
  - share_plus (from `.symlinks/plugins/share_plus/ios`)
  - shared_preferences_foundation (from `.symlinks/plugins/shared_preferences_foundation/darwin`)
  - universal_ble (from `.symlinks/plugins/universal_ble/darwin`)
  - url_launcher_ios (from `.symlinks/plugins/url_launcher_ios/ios`)

SPEC REPOS:
  trunk:
    - Firebase
    - FirebaseAppCheckInterop
    - FirebaseAuth
    - FirebaseAuthInterop
    - FirebaseCore
    - FirebaseCoreExtension
    - FirebaseCoreInternal
    - GoogleUtilities
    - GTMSessionFetcher
    - iOSMcuManagerLibrary
    - NordicDFU
    - RecaptchaInterop
    - SwiftCBOR
    - SwiftProtobuf
    - ZIPFoundation

EXTERNAL SOURCES:
  file_selector_ios:
    :path: ".symlinks/plugins/file_selector_ios/ios"
  firebase_auth:
    :path: ".symlinks/plugins/firebase_auth/ios"
  firebase_core:
    :path: ".symlinks/plugins/firebase_core/ios"
  Flutter:
    :path: Flutter
  flutter_local_notifications:
    :path: ".symlinks/plugins/flutter_local_notifications/ios"
  flutter_secure_storage_darwin:
    :path: ".symlinks/plugins/flutter_secure_storage_darwin/darwin"
  mcumgr_flutter:
    :path: ".symlinks/plugins/mcumgr_flutter/darwin"
  nordic_dfu:
    :path: ".symlinks/plugins/nordic_dfu/darwin"
  package_info_plus:
    :path: ".symlinks/plugins/package_info_plus/ios"
  record_ios:
    :path: ".symlinks/plugins/record_ios/ios"
  rinf:
    :path: ".symlinks/plugins/rinf/ios"
  share_plus:
    :path: ".symlinks/plugins/share_plus/ios"
  shared_preferences_foundation:
    :path: ".symlinks/plugins/shared_preferences_foundation/darwin"
  universal_ble:
    :path: ".symlinks/plugins/universal_ble/darwin"
  url_launcher_ios:
    :path: ".symlinks/plugins/url_launcher_ios/ios"

SPEC CHECKSUMS:
  file_selector_ios: ec57ec07954363dd730b642e765e58f199bb621a
  Firebase: a8539b633d474fbeb654c7043f9c1649e274045b
  firebase_auth: 219da41caaff7c485ff48eb463eb04710b18bcfa
  firebase_core: 1c1e250a77e2df9e80bb8bf0875c8b427044a697
  FirebaseAppCheckInterop: 5083c9acf65f206832fe659e1c676b7bc3d55e8a
  FirebaseAuth: 6d1d4e5875d93f82e669bee6b05a70a642025b58
  FirebaseAuthInterop: 0778f5f24d6cccd6d67ef45832fe9c67a0b944ea
  FirebaseCore: 2e86a4ea1684d4381707069e4a6d89ac808e901e
  FirebaseCoreExtension: 10d2a627977b39418759ad88ada80fbbd34f1c4f
  FirebaseCoreInternal: 6ab6a02c94446c026d2cf35cf5383842ebaa4992
  Flutter: cabc95a1d2626b1b06e7179b784ebcf0c0cde467
  flutter_local_notifications: 643a3eda1ce1c0599413ca31672536d423dee214
  flutter_secure_storage_darwin: 46e401699982ee74142909676535e0f6a7321e58
  GoogleUtilities: 766ace00c6b10d8148408f329d10c4f051931850
  GTMSessionFetcher: 127211aeec0b1e904fc49f4f6f895dcc535b0ecf
  iOSMcuManagerLibrary: f72db849f6dd66b1f26cd7eea776050a22c8591c
  mcumgr_flutter: b9864b2ae8334b6ba2b33f9ab4fc0a67bbe75c7a
  nordic_dfu: 05681503e4969f1dfe11903be2bf8840bf5691c9
  NordicDFU: 116a4ec458945889f8e0e71759e03b23c39c3482
  package_info_plus: af8e2ca6888548050f16fa2f1938db7b5a5df499
  RecaptchaInterop: 11e0b637842dfb48308d242afc3f448062325aba
  record_ios: 390a30c7caaf8b5d0fb1cb1d2fd5064b48b4520c
  rinf: 036857a37bd78378385653d9d8ddbd31d9d88474
  share_plus: 50da8cb520a8f0f65671c6c6a99b3617ed10a58a
  shared_preferences_foundation: 7036424c3d8ec98dfe75ff1667cb0cd531ec82bb
  SwiftCBOR: aa87349b4ccddd19f861aa544f7c27d43dee5772
  SwiftProtobuf: 409d3aaec90e51b1705b1dd8065b56893450e77c
  universal_ble: a322ebabee64f0ec27a313e89a5dd6967f37a60f
  url_launcher_ios: 7a95fa5b60cc718a708b8f2966718e93db0cef1b
  ZIPFoundation: b8c29ea7ae353b309bc810586181fd073cb3312c

PODFILE CHECKSUM: 00ce11c366c7fd3bf1cd3eb5913da20182a2593c

COCOAPODS: 1.17.0
